
Microsoft Visual Studio Solution File, Format Version 12.00
# Visual Studio 15
VisualStudioVersion = 15.0.27703.2035
MinimumVisualStudioVersion = 10.0.40219.1
Project("{FAE04EC0-301F-11D3-BF4B-00C04F79EFBC}") = "调色板", "调色板\调色板.csproj", "{72AF8635-3239-4020-A62C-5213A8267245}"
EndProject
Global
	GlobalSection(SolutionConfigurationPlatforms) = preSolution
		Debug|Any CPU = Debug|Any CPU
		Release|Any CPU = Release|Any CPU
	EndGlobalSection
	GlobalSection(ProjectConfigurationPlatforms) = postSolution
		{72AF8635-3239-4020-A62C-5213A8267245}.Debug|Any CPU.ActiveCfg = Debug|Any CPU
		{72AF8635-3239-4020-A62C-5213A8267245}.Debug|Any CPU.Build.0 = Debug|Any CPU
		{72AF8635-3239-4020-A62C-5213A8267245}.Release|Any CPU.ActiveCfg = Release|Any CPU
		{72AF8635-3239-4020-A62C-5213A8267245}.Release|Any CPU.Build.0 = Release|Any CPU
	EndGlobalSection
	GlobalSection(SolutionProperties) = preSolution
		HideSolutionNode = FALSE
	EndGlobalSection
	GlobalSection(ExtensibilityGlobals) = postSolution
		SolutionGuid = {A9C42322-7D41-40A4-B767-4E0A38731B32}
	EndGlobalSection
EndGlobal
