
Microsoft Visual Studio Solution File, Format Version 12.00
# Visual Studio 15
VisualStudioVersion = 15.0.27703.2035
MinimumVisualStudioVersion = 10.0.40219.1
Project("{FAE04EC0-301F-11D3-BF4B-00C04F79EFBC}") = "面向对象2", "面向对象2\面向对象2.csproj", "{67E5278A-8A18-43C8-8FD0-B6C7B57A01DF}"
EndProject
Global
	GlobalSection(SolutionConfigurationPlatforms) = preSolution
		Debug|Any CPU = Debug|Any CPU
		Release|Any CPU = Release|Any CPU
	EndGlobalSection
	GlobalSection(ProjectConfigurationPlatforms) = postSolution
		{67E5278A-8A18-43C8-8FD0-B6C7B57A01DF}.Debug|Any CPU.ActiveCfg = Debug|Any CPU
		{67E5278A-8A18-43C8-8FD0-B6C7B57A01DF}.Debug|Any CPU.Build.0 = Debug|Any CPU
		{67E5278A-8A18-43C8-8FD0-B6C7B57A01DF}.Release|Any CPU.ActiveCfg = Release|Any CPU
		{67E5278A-8A18-43C8-8FD0-B6C7B57A01DF}.Release|Any CPU.Build.0 = Release|Any CPU
	EndGlobalSection
	GlobalSection(SolutionProperties) = preSolution
		HideSolutionNode = FALSE
	EndGlobalSection
	GlobalSection(ExtensibilityGlobals) = postSolution
		SolutionGuid = {C589405A-80A5-430B-B037-57CD64B4722B}
	EndGlobalSection
EndGlobal
