
Microsoft Visual Studio Solution File, Format Version 12.00
# Visual Studio 15
VisualStudioVersion = 15.0.27703.2018
MinimumVisualStudioVersion = 10.0.40219.1
Project("{FAE04EC0-301F-11D3-BF4B-00C04F79EFBC}") = "计算题器", "计算题器\计算题器.csproj", "{4E87897B-B126-42A8-A626-535CEE55BD45}"
EndProject
Global
	GlobalSection(SolutionConfigurationPlatforms) = preSolution
		Debug|Any CPU = Debug|Any CPU
		Release|Any CPU = Release|Any CPU
	EndGlobalSection
	GlobalSection(ProjectConfigurationPlatforms) = postSolution
		{4E87897B-B126-42A8-A626-535CEE55BD45}.Debug|Any CPU.ActiveCfg = Debug|Any CPU
		{4E87897B-B126-42A8-A626-535CEE55BD45}.Debug|Any CPU.Build.0 = Debug|Any CPU
		{4E87897B-B126-42A8-A626-535CEE55BD45}.Release|Any CPU.ActiveCfg = Release|Any CPU
		{4E87897B-B126-42A8-A626-535CEE55BD45}.Release|Any CPU.Build.0 = Release|Any CPU
	EndGlobalSection
	GlobalSection(SolutionProperties) = preSolution
		HideSolutionNode = FALSE
	EndGlobalSection
	GlobalSection(ExtensibilityGlobals) = postSolution
		SolutionGuid = {06EF6454-D24A-4AD2-894C-8ED77D284BBF}
	EndGlobalSection
EndGlobal
