
Microsoft Visual Studio Solution File, Format Version 12.00
# Visual Studio 15
VisualStudioVersion = 15.0.27703.2035
MinimumVisualStudioVersion = 10.0.40219.1
Project("{FAE04EC0-301F-11D3-BF4B-00C04F79EFBC}") = "面向对象", "面向对象\面向对象.csproj", "{F012A1FC-64D7-4ABC-91BD-B401064B17D1}"
EndProject
Global
	GlobalSection(SolutionConfigurationPlatforms) = preSolution
		Debug|Any CPU = Debug|Any CPU
		Release|Any CPU = Release|Any CPU
	EndGlobalSection
	GlobalSection(ProjectConfigurationPlatforms) = postSolution
		{F012A1FC-64D7-4ABC-91BD-B401064B17D1}.Debug|Any CPU.ActiveCfg = Debug|Any CPU
		{F012A1FC-64D7-4ABC-91BD-B401064B17D1}.Debug|Any CPU.Build.0 = Debug|Any CPU
		{F012A1FC-64D7-4ABC-91BD-B401064B17D1}.Release|Any CPU.ActiveCfg = Release|Any CPU
		{F012A1FC-64D7-4ABC-91BD-B401064B17D1}.Release|Any CPU.Build.0 = Release|Any CPU
	EndGlobalSection
	GlobalSection(SolutionProperties) = preSolution
		HideSolutionNode = FALSE
	EndGlobalSection
	GlobalSection(ExtensibilityGlobals) = postSolution
		SolutionGuid = {96293231-FD48-4B6A-9F73-21AE6C202CF1}
	EndGlobalSection
EndGlobal
