
Microsoft Visual Studio Solution File, Format Version 12.00
# Visual Studio 15
VisualStudioVersion = 15.0.27428.2027
MinimumVisualStudioVersion = 10.0.40219.1
Project("{FAE04EC0-301F-11D3-BF4B-00C04F79EFBC}") = "proj4_5", "proj4_5\proj4_5.csproj", "{84019D0C-A659-440B-9585-482CB6A7131C}"
EndProject
Global
	GlobalSection(SolutionConfigurationPlatforms) = preSolution
		Debug|Any CPU = Debug|Any CPU
		Release|Any CPU = Release|Any CPU
	EndGlobalSection
	GlobalSection(ProjectConfigurationPlatforms) = postSolution
		{84019D0C-A659-440B-9585-482CB6A7131C}.Debug|Any CPU.ActiveCfg = Debug|Any CPU
		{84019D0C-A659-440B-9585-482CB6A7131C}.Debug|Any CPU.Build.0 = Debug|Any CPU
		{84019D0C-A659-440B-9585-482CB6A7131C}.Release|Any CPU.ActiveCfg = Release|Any CPU
		{84019D0C-A659-440B-9585-482CB6A7131C}.Release|Any CPU.Build.0 = Release|Any CPU
	EndGlobalSection
	GlobalSection(SolutionProperties) = preSolution
		HideSolutionNode = FALSE
	EndGlobalSection
	GlobalSection(ExtensibilityGlobals) = postSolution
		SolutionGuid = {333D5DBB-3C2E-4D7B-8642-CD14ECE0D2A3}
	EndGlobalSection
EndGlobal
